
Microsoft Visual Studio Solution File, Format Version 12.00
# Visual Studio 14
VisualStudioVersion = 14.0.23107.0
MinimumVisualStudioVersion = 10.0.40219.1
Project("{FAE04EC0-301F-11D3-BF4B-00C04F79EFBC}") = "DCR", "DCR\DCR.csproj", "{D6EC6E55-6412-49C4-B0BC-80D0D33E9FEA}"
EndProject
Project("{FAE04EC0-301F-11D3-BF4B-00C04F79EFBC}") = "INF", "INF\INF.csproj", "{19405191-D8B7-4CFA-B6EF-FAD708FBBF81}"
EndProject
Project("{FAE04EC0-301F-11D3-BF4B-00C04F79EFBC}") = "MAZ", "MAZ\MAZ.csproj", "{81C0DDCF-7333-4598-9B03-DEEC14FA53E8}"
EndProject
Global
	GlobalSection(SolutionConfigurationPlatforms) = preSolution
		Debug|Any CPU = Debug|Any CPU
		Release|Any CPU = Release|Any CPU
	EndGlobalSection
	GlobalSection(ProjectConfigurationPlatforms) = postSolution
		{D6EC6E55-6412-49C4-B0BC-80D0D33E9FEA}.Debug|Any CPU.ActiveCfg = Debug|Any CPU
		{D6EC6E55-6412-49C4-B0BC-80D0D33E9FEA}.Debug|Any CPU.Build.0 = Debug|Any CPU
		{D6EC6E55-6412-49C4-B0BC-80D0D33E9FEA}.Release|Any CPU.ActiveCfg = Release|Any CPU
		{D6EC6E55-6412-49C4-B0BC-80D0D33E9FEA}.Release|Any CPU.Build.0 = Release|Any CPU
		{19405191-D8B7-4CFA-B6EF-FAD708FBBF81}.Debug|Any CPU.ActiveCfg = Debug|Any CPU
		{19405191-D8B7-4CFA-B6EF-FAD708FBBF81}.Debug|Any CPU.Build.0 = Debug|Any CPU
		{19405191-D8B7-4CFA-B6EF-FAD708FBBF81}.Release|Any CPU.ActiveCfg = Release|Any CPU
		{19405191-D8B7-4CFA-B6EF-FAD708FBBF81}.Release|Any CPU.Build.0 = Release|Any CPU
		{81C0DDCF-7333-4598-9B03-DEEC14FA53E8}.Debug|Any CPU.ActiveCfg = Debug|Any CPU
		{81C0DDCF-7333-4598-9B03-DEEC14FA53E8}.Debug|Any CPU.Build.0 = Debug|Any CPU
		{81C0DDCF-7333-4598-9B03-DEEC14FA53E8}.Release|Any CPU.ActiveCfg = Release|Any CPU
		{81C0DDCF-7333-4598-9B03-DEEC14FA53E8}.Release|Any CPU.Build.0 = Release|Any CPU
	EndGlobalSection
	GlobalSection(SolutionProperties) = preSolution
		HideSolutionNode = FALSE
	EndGlobalSection
EndGlobal
